
Microsoft Visual Studio Solution File, Format Version 12.00
# Visual Studio Version 17
VisualStudioVersion = 17.7.34202.233
MinimumVisualStudioVersion = 10.0.40219.1
Project("{FAE04EC0-301F-11D3-BF4B-00C04F79EFBC}") = "kaç kere döngü çalıştı-1550", "kaç kere döngü çalıştı-1550\kaç kere döngü çalıştı-1550.csproj", "{3F4E1690-9AA3-44DC-9AF5-40AEBDBD53FE}"
EndProject
Global
	GlobalSection(SolutionConfigurationPlatforms) = preSolution
		Debug|Any CPU = Debug|Any CPU
		Release|Any CPU = Release|Any CPU
	EndGlobalSection
	GlobalSection(ProjectConfigurationPlatforms) = postSolution
		{3F4E1690-9AA3-44DC-9AF5-40AEBDBD53FE}.Debug|Any CPU.ActiveCfg = Debug|Any CPU
		{3F4E1690-9AA3-44DC-9AF5-40AEBDBD53FE}.Debug|Any CPU.Build.0 = Debug|Any CPU
		{3F4E1690-9AA3-44DC-9AF5-40AEBDBD53FE}.Release|Any CPU.ActiveCfg = Release|Any CPU
		{3F4E1690-9AA3-44DC-9AF5-40AEBDBD53FE}.Release|Any CPU.Build.0 = Release|Any CPU
	EndGlobalSection
	GlobalSection(SolutionProperties) = preSolution
		HideSolutionNode = FALSE
	EndGlobalSection
	GlobalSection(ExtensibilityGlobals) = postSolution
		SolutionGuid = {6405AED9-35A1-4E67-B9FC-CAD9106B808C}
	EndGlobalSection
EndGlobal
